
Microsoft Visual Studio Solution File, Format Version 12.00
# Visual Studio 15
VisualStudioVersion = 15.0.27130.2010
MinimumVisualStudioVersion = 10.0.40219.1
Project("{FAE04EC0-301F-11D3-BF4B-00C04F79EFBC}") = "LargestRectangle", "LargestRectangle\LargestRectangle.csproj", "{382F8335-778B-4592-803A-94960EE91066}"
EndProject
Global
	GlobalSection(SolutionConfigurationPlatforms) = preSolution
		Debug|Any CPU = Debug|Any CPU
		Release|Any CPU = Release|Any CPU
	EndGlobalSection
	GlobalSection(ProjectConfigurationPlatforms) = postSolution
		{382F8335-778B-4592-803A-94960EE91066}.Debug|Any CPU.ActiveCfg = Debug|Any CPU
		{382F8335-778B-4592-803A-94960EE91066}.Debug|Any CPU.Build.0 = Debug|Any CPU
		{382F8335-778B-4592-803A-94960EE91066}.Release|Any CPU.ActiveCfg = Release|Any CPU
		{382F8335-778B-4592-803A-94960EE91066}.Release|Any CPU.Build.0 = Release|Any CPU
	EndGlobalSection
	GlobalSection(SolutionProperties) = preSolution
		HideSolutionNode = FALSE
	EndGlobalSection
	GlobalSection(ExtensibilityGlobals) = postSolution
		SolutionGuid = {BE53879C-89F4-4560-87E7-3FA5AF109F0D}
	EndGlobalSection
EndGlobal
